# This file is automatically @generated by Cargo.
# It is not intended for manual editing.
version = 3

[[package]]
name = "bitflags"
version = "1.3.2"
source = "registry+https://github.com/rust-lang/crates.io-index"
checksum = "bef38d45163c2f1dde094a7dfd33ccf595c92905c8f8f4fdc18d06fb1037718a"

[[package]]
name = "cafebabe"
version = "0.4.2"
source = "registry+https://github.com/rust-lang/crates.io-index"
checksum = "4734e4e2361180d7c1ab724db08983d3be55079e94b93a8d535fdece1b42798c"
dependencies = [
 "bitflags",
 "cesu8",
]

[[package]]
name = "cesu8"
version = "1.1.0"
source = "registry+https://github.com/rust-lang/crates.io-index"
checksum = "6d43a04d8753f35258c91f8ec639f792891f748a1edbd759cf1dcea3382ad83c"

[[package]]
name = "rusty-enigma"
version = "0.1.0"
dependencies = [
 "cafebabe",
]
